{
  "originHash" : "8364909009c6548a46fd09894e1c742c32832c51d92354010288ecc8b6554bb3",
  "pins" : [
    {
      "identity" : "esadesignkit",
      "kind" : "remoteSourceControl",
      "location" : "https://github.com/holgerkrupp/ESADesignKit",
      "state" : {
        "branch" : "main",
        "revision" : "f380a13ab41e02805eb185c097454f4853a944eb"
      }
    },
    {
      "identity" : "sfsymbolselector",
      "kind" : "remoteSourceControl",
      "location" : "https://github.com/holgerkrupp/SFSymbolSelector",
      "state" : {
        "branch" : "main",
        "revision" : "0fef5bcc711913a3bc597bf4b5605184e2d70af5"
      }
    },
    {
      "identity" : "swiftdeviceinfo",
      "kind" : "remoteSourceControl",
      "location" : "https://github.com/holgerkrupp/SwiftDeviceInfo.git",
      "state" : {
        "branch" : "main",
        "revision" : "c917442072d9e9fd64e299f1e5b261f210383191"
      }
    }
  ],
  "version" : 3
}
