{
  "originHash" : "9d9a49cf9dedc8f20f2fe1d121e02e03aef4fa9503ca67f47ebf3c0524860d52",
  "pins" : [
    {
      "identity" : "esadesignkit",
      "kind" : "remoteSourceControl",
      "location" : "https://github.com/holgerkrupp/ESADesignKit",
      "state" : {
        "branch" : "main",
        "revision" : "f380a13ab41e02805eb185c097454f4853a944eb"
      }
    },
    {
      "identity" : "swiftdeviceinfo",
      "kind" : "remoteSourceControl",
      "location" : "https://github.com/holgerkrupp/SwiftDeviceInfo.git",
      "state" : {
        "branch" : "main",
        "revision" : "c917442072d9e9fd64e299f1e5b261f210383191"
      }
    }
  ],
  "version" : 3
}
