// !$*UTF8*$!
{
	archiveVersion = 1;
	classes = {
	};
	objectVersion = 90;
	objects = {

/* Begin PBXBuildFile section */
		486BA2D2303C141E00B04A4E /* SFSymbolSelector in Frameworks */ = {isa = PBXBuildFile; productRef = 000000000000000200000001 /* SFSymbolSelector */; };
		489FB59F3044985000B8D666 /* ESADesignKit in Frameworks */ = {isa = PBXBuildFile; productRef = 489FB59E3044985000B8D666 /* ESADesignKit */; };
		DD000000000000000000000C /* MealPlanWidgets.appex in Embed App Extensions */ = {isa = PBXBuildFile; fileRef = DD0000000000000000000008 /* MealPlanWidgets.appex */; platformFilter = ios; settings = {ATTRIBUTES = (RemoveHeadersOnCopy, ); }; };
		EE000000000000000000000C /* MealPlanShareExtension.appex in Embed App Extensions */ = {isa = PBXBuildFile; fileRef = EE0000000000000000000008 /* MealPlanShareExtension.appex */; platformFilter = ios; settings = {ATTRIBUTES = (RemoveHeadersOnCopy, ); }; };
/* End PBXBuildFile section */

/* Begin PBXContainerItemProxy section */
		DD000000000000000000000B /* PBXContainerItemProxy */ = {
			isa = PBXContainerItemProxy;
			containerPortal = 000000000000000000000000 /* Project object */;
			proxyType = 1;
			remoteGlobalIDString = DD0000000000000000000001;
			remoteInfo = MealPlanWidgets;
		};
		EE000000000000000000000B /* PBXContainerItemProxy */ = {
			isa = PBXContainerItemProxy;
			containerPortal = 000000000000000000000000 /* Project object */;
			proxyType = 1;
			remoteGlobalIDString = EE0000000000000000000001;
			remoteInfo = MealPlanShareExtension;
		};
		FF000000000000000000000B /* PBXContainerItemProxy */ = {
			isa = PBXContainerItemProxy;
			containerPortal = 000000000000000000000000 /* Project object */;
			proxyType = 1;
			remoteGlobalIDString = 000000000000000100000000;
			remoteInfo = MealPlan;
		};
/* End PBXContainerItemProxy section */

/* Begin PBXCopyFilesBuildPhase section */
		CC0000000000000000000001 /* Embed App Extensions */ = {
			isa = PBXCopyFilesBuildPhase;
			dstPath = "";
			dstSubfolder = PlugIns;
			files = (
				EE000000000000000000000C /* MealPlanShareExtension.appex in Embed App Extensions */,
				DD000000000000000000000C /* MealPlanWidgets.appex in Embed App Extensions */,
			);
			name = "Embed App Extensions";
		};
/* End PBXCopyFilesBuildPhase section */

/* Begin PBXFileReference section */
		000000000000000000000120 /* MealPlan.app */ = {isa = PBXFileReference; explicitFileType = wrapper.application; includeInIndex = 0; path = MealPlan.app; sourceTree = BUILT_PRODUCTS_DIR; };
		DD0000000000000000000008 /* MealPlanWidgets.appex */ = {isa = PBXFileReference; explicitFileType = "wrapper.app-extension"; includeInIndex = 0; path = MealPlanWidgets.appex; sourceTree = BUILT_PRODUCTS_DIR; };
		EE0000000000000000000008 /* MealPlanShareExtension.appex */ = {isa = PBXFileReference; explicitFileType = "wrapper.app-extension"; includeInIndex = 0; path = MealPlanShareExtension.appex; sourceTree = BUILT_PRODUCTS_DIR; };
		FF0000000000000000000008 /* MealPlanTests.xctest */ = {isa = PBXFileReference; explicitFileType = wrapper.cfbundle; includeInIndex = 0; path = MealPlanTests.xctest; sourceTree = BUILT_PRODUCTS_DIR; };
/* End PBXFileReference section */

/* Begin PBXFileSystemSynchronizedBuildFileExceptionSet section */
		000000000000000000000E10 /* Exceptions for "MealPlan" folder in "MealPlan" target */ = {
			isa = PBXFileSystemSynchronizedBuildFileExceptionSet;
			membershipExceptions = (
				Info.plist,
			);
			target = 000000000000000100000000 /* MealPlan */;
		};
		DD00000000000000000000E9 /* Exceptions for "MealPlanWidgets" folder in "MealPlanWidgets" target */ = {
			isa = PBXFileSystemSynchronizedBuildFileExceptionSet;
			membershipExceptions = (
				Info.plist,
			);
			target = DD0000000000000000000001 /* MealPlanWidgets */;
		};
		EE00000000000000000000E9 /* Exceptions for "MealPlanShareExtension" folder in "MealPlanShareExtension" target */ = {
			isa = PBXFileSystemSynchronizedBuildFileExceptionSet;
			membershipExceptions = (
				Info.plist,
			);
			target = EE0000000000000000000001 /* MealPlanShareExtension */;
		};
/* End PBXFileSystemSynchronizedBuildFileExceptionSet section */

/* Begin PBXFileSystemSynchronizedRootGroup section */
		000000000000000000000010 /* MealPlan */ = {
			isa = PBXFileSystemSynchronizedRootGroup;
			exceptions = (
				000000000000000000000E10 /* Exceptions for "MealPlan" folder in "MealPlan" target */,
			);
			path = MealPlan;
			sourceTree = "<group>";
		};
		AA00000000000000000000A0 /* MealPlanShared */ = {
			isa = PBXFileSystemSynchronizedRootGroup;
			path = MealPlanShared;
			sourceTree = "<group>";
		};
		DD0000000000000000000009 /* MealPlanWidgets */ = {
			isa = PBXFileSystemSynchronizedRootGroup;
			exceptions = (
				DD00000000000000000000E9 /* Exceptions for "MealPlanWidgets" folder in "MealPlanWidgets" target */,
			);
			path = MealPlanWidgets;
			sourceTree = "<group>";
		};
		EE0000000000000000000009 /* MealPlanShareExtension */ = {
			isa = PBXFileSystemSynchronizedRootGroup;
			exceptions = (
				EE00000000000000000000E9 /* Exceptions for "MealPlanShareExtension" folder in "MealPlanShareExtension" target */,
			);
			path = MealPlanShareExtension;
			sourceTree = "<group>";
		};
		FF0000000000000000000009 /* MealPlanTests */ = {
			isa = PBXFileSystemSynchronizedRootGroup;
			path = MealPlanTests;
			sourceTree = "<group>";
		};
/* End PBXFileSystemSynchronizedRootGroup section */

/* Begin PBXFrameworksBuildPhase section */
		000000000000000130000000 /* Frameworks */ = {
			isa = PBXFrameworksBuildPhase;
			files = (
				486BA2D2303C141E00B04A4E /* SFSymbolSelector in Frameworks */,
				489FB59F3044985000B8D666 /* ESADesignKit in Frameworks */,
			);
		};
		DD0000000000000000000003 /* Frameworks */ = {
			isa = PBXFrameworksBuildPhase;
			files = (
			);
		};
		EE0000000000000000000003 /* Frameworks */ = {
			isa = PBXFrameworksBuildPhase;
			files = (
			);
		};
		FF0000000000000000000003 /* Frameworks */ = {
			isa = PBXFrameworksBuildPhase;
			files = (
			);
		};
/* End PBXFrameworksBuildPhase section */

/* Begin PBXGroup section */
		000000000000000000000001 = {
			isa = PBXGroup;
			children = (
				000000000000000000000010 /* MealPlan */,
				AA00000000000000000000A0 /* MealPlanShared */,
				EE0000000000000000000009 /* MealPlanShareExtension */,
				DD0000000000000000000009 /* MealPlanWidgets */,
				FF0000000000000000000009 /* MealPlanTests */,
				000000000000000000000020 /* Products */,
			);
			sourceTree = "<group>";
		};
		000000000000000000000020 /* Products */ = {
			isa = PBXGroup;
			children = (
				000000000000000000000120 /* MealPlan.app */,
				FF0000000000000000000008 /* MealPlanTests.xctest */,
				EE0000000000000000000008 /* MealPlanShareExtension.appex */,
				DD0000000000000000000008 /* MealPlanWidgets.appex */,
			);
			name = Products;
			sourceTree = "<group>";
		};
/* End PBXGroup section */

/* Begin PBXNativeTarget section */
		000000000000000100000000 /* MealPlan */ = {
			isa = PBXNativeTarget;
			buildConfigurationList = 000000000000000110000000 /* Build configuration list for PBXNativeTarget "MealPlan" */;
			buildPhases = (
				000000000000000120000000 /* Sources */,
				000000000000000130000000 /* Frameworks */,
				000000000000000140000000 /* Resources */,
				CC0000000000000000000001 /* Embed App Extensions */,
			);
			buildRules = (
			);
			dependencies = (
				EE000000000000000000000A /* PBXTargetDependency */,
				DD000000000000000000000A /* PBXTargetDependency */,
			);
			fileSystemSynchronizedGroups = (
				000000000000000000000010 /* MealPlan */,
				AA00000000000000000000A0 /* MealPlanShared */,
			);
			name = MealPlan;
			packageProductDependencies = (
				000000000000000200000001 /* SFSymbolSelector */,
				489FB59E3044985000B8D666 /* ESADesignKit */,
			);
			productName = MyApp;
			productReference = 000000000000000000000120 /* MealPlan.app */;
			productType = "com.apple.product-type.application";
		};
		DD0000000000000000000001 /* MealPlanWidgets */ = {
			isa = PBXNativeTarget;
			buildConfigurationList = DD0000000000000000000005 /* Build configuration list for PBXNativeTarget "MealPlanWidgets" */;
			buildPhases = (
				DD0000000000000000000002 /* Sources */,
				DD0000000000000000000003 /* Frameworks */,
				DD0000000000000000000004 /* Resources */,
			);
			buildRules = (
			);
			fileSystemSynchronizedGroups = (
				AA00000000000000000000A0 /* MealPlanShared */,
				DD0000000000000000000009 /* MealPlanWidgets */,
			);
			name = MealPlanWidgets;
			productName = MealPlanWidgets;
			productReference = DD0000000000000000000008 /* MealPlanWidgets.appex */;
			productType = "com.apple.product-type.app-extension";
		};
		EE0000000000000000000001 /* MealPlanShareExtension */ = {
			isa = PBXNativeTarget;
			buildConfigurationList = EE0000000000000000000005 /* Build configuration list for PBXNativeTarget "MealPlanShareExtension" */;
			buildPhases = (
				EE0000000000000000000002 /* Sources */,
				EE0000000000000000000003 /* Frameworks */,
				EE0000000000000000000004 /* Resources */,
			);
			buildRules = (
			);
			fileSystemSynchronizedGroups = (
				AA00000000000000000000A0 /* MealPlanShared */,
				EE0000000000000000000009 /* MealPlanShareExtension */,
			);
			name = MealPlanShareExtension;
			productName = MealPlanShareExtension;
			productReference = EE0000000000000000000008 /* MealPlanShareExtension.appex */;
			productType = "com.apple.product-type.app-extension";
		};
		FF0000000000000000000001 /* MealPlanTests */ = {
			isa = PBXNativeTarget;
			buildConfigurationList = FF0000000000000000000005 /* Build configuration list for PBXNativeTarget "MealPlanTests" */;
			buildPhases = (
				FF0000000000000000000002 /* Sources */,
				FF0000000000000000000003 /* Frameworks */,
				FF0000000000000000000004 /* Resources */,
			);
			buildRules = (
			);
			dependencies = (
				FF000000000000000000000A /* PBXTargetDependency */,
			);
			fileSystemSynchronizedGroups = (
				FF0000000000000000000009 /* MealPlanTests */,
			);
			name = MealPlanTests;
			productName = MealPlanTests;
			productReference = FF0000000000000000000008 /* MealPlanTests.xctest */;
			productType = "com.apple.product-type.bundle.unit-test";
		};
/* End PBXNativeTarget section */

/* Begin PBXProject section */
		000000000000000000000000 /* Project object */ = {
			isa = PBXProject;
			attributes = {
				BuildIndependentTargetsInParallel = 1;
				LastSwiftUpdateCheck = 2630;
				LastUpgradeCheck = 2700;
				TargetAttributes = {
					000000000000000100000000 = {
						CreatedOnToolsVersion = 26.3;
					};
					DD0000000000000000000001 = {
						CreatedOnToolsVersion = 26.3;
					};
					EE0000000000000000000001 = {
						CreatedOnToolsVersion = 26.3;
					};
					FF0000000000000000000001 = {
						CreatedOnToolsVersion = 26.3;
						TestTargetID = 000000000000000100000000;
					};
				};
			};
			buildConfigurationList = 000000000000000010000000 /* Build configuration list for PBXProject "MealPlan" */;
			developmentRegion = en;
			hasScannedForEncodings = 0;
			knownRegions = (
				en,
				Base,
				de,
			);
			mainGroup = 000000000000000000000001;
			minimizedProjectReferenceProxies = 1;
			packageReferences = (
				000000000000000200000000 /* XCLocalSwiftPackageReference "../SFSymbolSelector" */,
				489FB59D3044985000B8D666 /* XCRemoteSwiftPackageReference "ESADesignKit" */,
			);
			preferredProjectObjectVersion = 90;
			productRefGroup = 000000000000000000000020 /* Products */;
			projectDirPath = "";
			projectRoot = "";
			targets = (
				000000000000000100000000 /* MealPlan */,
				EE0000000000000000000001 /* MealPlanShareExtension */,
				DD0000000000000000000001 /* MealPlanWidgets */,
				FF0000000000000000000001 /* MealPlanTests */,
			);
		};
/* End PBXProject section */

/* Begin PBXResourcesBuildPhase section */
		000000000000000140000000 /* Resources */ = {
			isa = PBXResourcesBuildPhase;
			files = (
			);
		};
		DD0000000000000000000004 /* Resources */ = {
			isa = PBXResourcesBuildPhase;
			files = (
			);
		};
		EE0000000000000000000004 /* Resources */ = {
			isa = PBXResourcesBuildPhase;
			files = (
			);
		};
		FF0000000000000000000004 /* Resources */ = {
			isa = PBXResourcesBuildPhase;
			files = (
			);
		};
/* End PBXResourcesBuildPhase section */

/* Begin PBXSourcesBuildPhase section */
		000000000000000120000000 /* Sources */ = {
			isa = PBXSourcesBuildPhase;
			files = (
			);
		};
		DD0000000000000000000002 /* Sources */ = {
			isa = PBXSourcesBuildPhase;
			files = (
			);
		};
		EE0000000000000000000002 /* Sources */ = {
			isa = PBXSourcesBuildPhase;
			files = (
			);
		};
		FF0000000000000000000002 /* Sources */ = {
			isa = PBXSourcesBuildPhase;
			files = (
			);
		};
/* End PBXSourcesBuildPhase section */

/* Begin PBXTargetDependency section */
		DD000000000000000000000A /* PBXTargetDependency */ = {
			isa = PBXTargetDependency;
			platformFilter = ios;
			target = DD0000000000000000000001 /* MealPlanWidgets */;
			targetProxy = DD000000000000000000000B /* PBXContainerItemProxy */;
		};
		EE000000000000000000000A /* PBXTargetDependency */ = {
			isa = PBXTargetDependency;
			platformFilter = ios;
			target = EE0000000000000000000001 /* MealPlanShareExtension */;
			targetProxy = EE000000000000000000000B /* PBXContainerItemProxy */;
		};
		FF000000000000000000000A /* PBXTargetDependency */ = {
			isa = PBXTargetDependency;
			target = 000000000000000100000000 /* MealPlan */;
			targetProxy = FF000000000000000000000B /* PBXContainerItemProxy */;
		};
/* End PBXTargetDependency section */

/* Begin XCBuildConfiguration section */
		000000000000000011000000 /* Debug configuration for PBXProject "MealPlan" */ = {
			isa = XCBuildConfiguration;
			buildSettings = {
				ALWAYS_SEARCH_USER_PATHS = NO;
				ASSETCATALOG_COMPILER_GENERATE_SWIFT_ASSET_SYMBOL_EXTENSIONS = YES;
				CLANG_ANALYZER_NONNULL = YES;
				CLANG_ANALYZER_NUMBER_OBJECT_CONVERSION = YES_AGGRESSIVE;
				CLANG_ENABLE_MODULES = YES;
				CLANG_ENABLE_OBJC_ARC = YES;
				CLANG_ENABLE_OBJC_WEAK = YES;
				CLANG_WARN_BOOL_CONVERSION = YES;
				CLANG_WARN_CONSTANT_CONVERSION = YES;
				CLANG_WARN_DEPRECATED_OBJC_IMPLEMENTATIONS = YES;
				CLANG_WARN_DOCUMENTATION_COMMENTS = YES;
				CLANG_WARN_EMPTY_BODY = YES;
				CLANG_WARN_ENUM_CONVERSION = YES;
				CLANG_WARN_INFINITE_RECURSION = YES;
				CLANG_WARN_INT_CONVERSION = YES;
				CLANG_WARN_OBJC_ROOT_CLASS = YES_ERROR;
				CLANG_WARN_UNREACHABLE_CODE = YES;
				COPY_PHASE_STRIP = NO;
				DEAD_CODE_STRIPPING = YES;
				DEBUG_INFORMATION_FORMAT = dwarf;
				ENABLE_STRICT_OBJC_MSGSEND = YES;
				ENABLE_TESTABILITY = YES;
				ENABLE_USER_SCRIPT_SANDBOXING = YES;
				GCC_C_LANGUAGE_STANDARD = gnu17;
				GCC_NO_COMMON_BLOCKS = YES;
				GCC_OPTIMIZATION_LEVEL = 0;
				GCC_PREPROCESSOR_DEFINITIONS = (
					"DEBUG=1",
					"$(inherited)",
				);
				GCC_WARN_ABOUT_RETURN_TYPE = YES_ERROR;
				GCC_WARN_UNINITIALIZED_AUTOS = YES_AGGRESSIVE;
				GCC_WARN_UNUSED_FUNCTION = YES;
				GCC_WARN_UNUSED_VARIABLE = YES;
				IPHONEOS_DEPLOYMENT_TARGET = 27.0;
				LOCALIZATION_PREFERS_STRING_CATALOGS = YES;
				MACOSX_DEPLOYMENT_TARGET = 27.0;
				MTL_ENABLE_DEBUG_INFO = INCLUDE_SOURCE;
				MTL_FAST_MATH = YES;
				ONLY_ACTIVE_ARCH = YES;
				PROJECT_UNIQUE_VALUE = ZE9O91HE;
				STRING_CATALOG_GENERATE_SYMBOLS = YES;
				SWIFT_ACTIVE_COMPILATION_CONDITIONS = "DEBUG $(inherited)";
				SWIFT_OPTIMIZATION_LEVEL = "-Onone";
			};
			name = Debug;
		};
		000000000000000012000000 /* Release configuration for PBXProject "MealPlan" */ = {
			isa = XCBuildConfiguration;
			buildSettings = {
				ALWAYS_SEARCH_USER_PATHS = NO;
				ASSETCATALOG_COMPILER_GENERATE_SWIFT_ASSET_SYMBOL_EXTENSIONS = YES;
				CLANG_ANALYZER_NONNULL = YES;
				CLANG_ANALYZER_NUMBER_OBJECT_CONVERSION = YES_AGGRESSIVE;
				CLANG_ENABLE_MODULES = YES;
				CLANG_ENABLE_OBJC_ARC = YES;
				CLANG_ENABLE_OBJC_WEAK = YES;
				CLANG_WARN_BOOL_CONVERSION = YES;
				CLANG_WARN_CONSTANT_CONVERSION = YES;
				CLANG_WARN_DEPRECATED_OBJC_IMPLEMENTATIONS = YES;
				CLANG_WARN_DOCUMENTATION_COMMENTS = YES;
				CLANG_WARN_EMPTY_BODY = YES;
				CLANG_WARN_ENUM_CONVERSION = YES;
				CLANG_WARN_INFINITE_RECURSION = YES;
				CLANG_WARN_INT_CONVERSION = YES;
				CLANG_WARN_OBJC_ROOT_CLASS = YES_ERROR;
				CLANG_WARN_UNREACHABLE_CODE = YES;
				COPY_PHASE_STRIP = NO;
				DEAD_CODE_STRIPPING = YES;
				DEBUG_INFORMATION_FORMAT = "dwarf-with-dsym";
				ENABLE_NS_ASSERTIONS = NO;
				ENABLE_STRICT_OBJC_MSGSEND = YES;
				ENABLE_USER_SCRIPT_SANDBOXING = YES;
				GCC_C_LANGUAGE_STANDARD = gnu17;
				GCC_NO_COMMON_BLOCKS = YES;
				GCC_WARN_ABOUT_RETURN_TYPE = YES_ERROR;
				GCC_WARN_UNINITIALIZED_AUTOS = YES_AGGRESSIVE;
				GCC_WARN_UNUSED_FUNCTION = YES;
				GCC_WARN_UNUSED_VARIABLE = YES;
				IPHONEOS_DEPLOYMENT_TARGET = 27.0;
				LOCALIZATION_PREFERS_STRING_CATALOGS = YES;
				MACOSX_DEPLOYMENT_TARGET = 27.0;
				MTL_ENABLE_DEBUG_INFO = NO;
				MTL_FAST_MATH = YES;
				PROJECT_UNIQUE_VALUE = ZE9O91HE;
				STRING_CATALOG_GENERATE_SYMBOLS = YES;
				SWIFT_COMPILATION_MODE = wholemodule;
			};
			name = Release;
		};
		000000000000000111000000 /* Debug configuration for PBXNativeTarget "MealPlan" */ = {
			isa = XCBuildConfiguration;
			buildSettings = {
				ASSETCATALOG_COMPILER_APPICON_NAME = AppIcon;
				CODE_SIGN_ENTITLEMENTS = MealPlan/MealPlan.entitlements;
				CODE_SIGN_STYLE = Automatic;
				CURRENT_PROJECT_VERSION = 1;
				DEVELOPMENT_TEAM = 46D3VYP253;
				ENABLE_APP_SANDBOX = YES;
				ENABLE_PREVIEWS = YES;
				ENABLE_USER_SELECTED_FILES = readonly;
				GENERATE_INFOPLIST_FILE = YES;
				INFOPLIST_FILE = MealPlan/Info.plist;
				INFOPLIST_KEY_LSSupportsOpeningDocumentsInPlace = YES;
				INFOPLIST_KEY_NSCalendarsFullAccessUsageDescription = "Calendar access lets the meal planner show relevant scheduling context, such as whether family members are busy or away when planning meals. Your calendar events are not modified.";
				INFOPLIST_KEY_NSCameraUsageDescription = "MealPlan uses the camera so you can add dish photos and scan printed recipes.";
				INFOPLIST_KEY_NSLocationWhenInUseUsageDescription = "Used only to show restaurants near you when you plan a meal out. Your location never leaves the device.";
				INFOPLIST_KEY_NSPhotoLibraryUsageDescription = "MealPlan lets you choose dish photos and recipe pages from your library.";
				INFOPLIST_KEY_NSRemindersFullAccessUsageDescription = "MealPlan can send your shopping list to Apple Reminders.";
				"INFOPLIST_KEY_UIApplicationSceneManifest_Generation[sdk=iphoneos*]" = YES;
				"INFOPLIST_KEY_UIApplicationSceneManifest_Generation[sdk=iphonesimulator*]" = YES;
				"INFOPLIST_KEY_UIApplicationSupportsIndirectInputEvents[sdk=iphoneos*]" = YES;
				"INFOPLIST_KEY_UIApplicationSupportsIndirectInputEvents[sdk=iphonesimulator*]" = YES;
				INFOPLIST_KEY_UIBackgroundModes = "remote-notification";
				"INFOPLIST_KEY_UILaunchScreen_Generation[sdk=iphoneos*]" = YES;
				"INFOPLIST_KEY_UILaunchScreen_Generation[sdk=iphonesimulator*]" = YES;
				"INFOPLIST_KEY_UIStatusBarStyle[sdk=iphoneos*]" = UIStatusBarStyleDefault;
				"INFOPLIST_KEY_UIStatusBarStyle[sdk=iphonesimulator*]" = UIStatusBarStyleDefault;
				INFOPLIST_KEY_UISupportedInterfaceOrientations_iPad = "UIInterfaceOrientationPortrait UIInterfaceOrientationPortraitUpsideDown UIInterfaceOrientationLandscapeLeft UIInterfaceOrientationLandscapeRight";
				INFOPLIST_KEY_UISupportedInterfaceOrientations_iPhone = "UIInterfaceOrientationPortrait UIInterfaceOrientationLandscapeLeft UIInterfaceOrientationLandscapeRight";
				LD_RUNPATH_SEARCH_PATHS = "@executable_path/Frameworks";
				"LD_RUNPATH_SEARCH_PATHS[sdk=macosx*]" = "@executable_path/../Frameworks";
				MARKETING_VERSION = 2026.1;
				PRODUCT_BUNDLE_IDENTIFIER = de.holgerkrupp.mealplan;
				PRODUCT_NAME = "$(TARGET_NAME)";
				REGISTER_APP_GROUPS = YES;
				SDKROOT = auto;
				STRING_CATALOG_GENERATE_SYMBOLS = YES;
				SUPPORTED_PLATFORMS = "iphoneos iphonesimulator macosx";
				SWIFT_APPROACHABLE_CONCURRENCY = YES;
				SWIFT_DEFAULT_ACTOR_ISOLATION = nonisolated;
				SWIFT_EMIT_LOC_STRINGS = YES;
				SWIFT_UPCOMING_FEATURE_MEMBER_IMPORT_VISIBILITY = YES;
				SWIFT_VERSION = 6.0;
				TARGETED_DEVICE_FAMILY = "1,2";
			};
			name = Debug;
		};
		000000000000000112000000 /* Release configuration for PBXNativeTarget "MealPlan" */ = {
			isa = XCBuildConfiguration;
			buildSettings = {
				ASSETCATALOG_COMPILER_APPICON_NAME = AppIcon;
				CODE_SIGN_ENTITLEMENTS = MealPlan/MealPlan.entitlements;
				CODE_SIGN_STYLE = Automatic;
				CURRENT_PROJECT_VERSION = 1;
				DEVELOPMENT_TEAM = 46D3VYP253;
				ENABLE_APP_SANDBOX = YES;
				ENABLE_PREVIEWS = YES;
				ENABLE_USER_SELECTED_FILES = readonly;
				GENERATE_INFOPLIST_FILE = YES;
				INFOPLIST_FILE = MealPlan/Info.plist;
				INFOPLIST_KEY_LSSupportsOpeningDocumentsInPlace = YES;
				INFOPLIST_KEY_NSCalendarsFullAccessUsageDescription = "Calendar access lets the meal planner show relevant scheduling context, such as whether family members are busy or away when planning meals. Your calendar events are not modified.";
				INFOPLIST_KEY_NSCameraUsageDescription = "MealPlan uses the camera so you can add dish photos and scan printed recipes.";
				INFOPLIST_KEY_NSLocationWhenInUseUsageDescription = "Used only to show restaurants near you when you plan a meal out. Your location never leaves the device.";
				INFOPLIST_KEY_NSPhotoLibraryUsageDescription = "MealPlan lets you choose dish photos and recipe pages from your library.";
				INFOPLIST_KEY_NSRemindersFullAccessUsageDescription = "MealPlan can send your shopping list to Apple Reminders.";
				"INFOPLIST_KEY_UIApplicationSceneManifest_Generation[sdk=iphoneos*]" = YES;
				"INFOPLIST_KEY_UIApplicationSceneManifest_Generation[sdk=iphonesimulator*]" = YES;
				"INFOPLIST_KEY_UIApplicationSupportsIndirectInputEvents[sdk=iphoneos*]" = YES;
				"INFOPLIST_KEY_UIApplicationSupportsIndirectInputEvents[sdk=iphonesimulator*]" = YES;
				INFOPLIST_KEY_UIBackgroundModes = "remote-notification";
				"INFOPLIST_KEY_UILaunchScreen_Generation[sdk=iphoneos*]" = YES;
				"INFOPLIST_KEY_UILaunchScreen_Generation[sdk=iphonesimulator*]" = YES;
				"INFOPLIST_KEY_UIStatusBarStyle[sdk=iphoneos*]" = UIStatusBarStyleDefault;
				"INFOPLIST_KEY_UIStatusBarStyle[sdk=iphonesimulator*]" = UIStatusBarStyleDefault;
				INFOPLIST_KEY_UISupportedInterfaceOrientations_iPad = "UIInterfaceOrientationPortrait UIInterfaceOrientationPortraitUpsideDown UIInterfaceOrientationLandscapeLeft UIInterfaceOrientationLandscapeRight";
				INFOPLIST_KEY_UISupportedInterfaceOrientations_iPhone = "UIInterfaceOrientationPortrait UIInterfaceOrientationLandscapeLeft UIInterfaceOrientationLandscapeRight";
				LD_RUNPATH_SEARCH_PATHS = "@executable_path/Frameworks";
				"LD_RUNPATH_SEARCH_PATHS[sdk=macosx*]" = "@executable_path/../Frameworks";
				MARKETING_VERSION = 2026.1;
				PRODUCT_BUNDLE_IDENTIFIER = de.holgerkrupp.mealplan;
				PRODUCT_NAME = "$(TARGET_NAME)";
				REGISTER_APP_GROUPS = YES;
				SDKROOT = auto;
				STRING_CATALOG_GENERATE_SYMBOLS = YES;
				SUPPORTED_PLATFORMS = "iphoneos iphonesimulator macosx";
				SWIFT_APPROACHABLE_CONCURRENCY = YES;
				SWIFT_DEFAULT_ACTOR_ISOLATION = nonisolated;
				SWIFT_EMIT_LOC_STRINGS = YES;
				SWIFT_UPCOMING_FEATURE_MEMBER_IMPORT_VISIBILITY = YES;
				SWIFT_VERSION = 6.0;
				TARGETED_DEVICE_FAMILY = "1,2";
			};
			name = Release;
		};
		DD0000000000000000000006 /* Debug configuration for PBXNativeTarget "MealPlanWidgets" */ = {
			isa = XCBuildConfiguration;
			buildSettings = {
				CODE_SIGN_ENTITLEMENTS = MealPlanWidgets/MealPlanWidgets.entitlements;
				CODE_SIGN_STYLE = Automatic;
				CURRENT_PROJECT_VERSION = 1;
				DEVELOPMENT_TEAM = 46D3VYP253;
				GENERATE_INFOPLIST_FILE = YES;
				INFOPLIST_FILE = MealPlanWidgets/Info.plist;
				INFOPLIST_KEY_CFBundleDisplayName = MealPlan;
				IPHONEOS_DEPLOYMENT_TARGET = 27.0;
				LD_RUNPATH_SEARCH_PATHS = (
					"@executable_path/Frameworks",
					"@executable_path/../../Frameworks",
				);
				MARKETING_VERSION = 1.0;
				PRODUCT_BUNDLE_IDENTIFIER = de.holgerkrupp.mealplan.Widgets;
				PRODUCT_NAME = "$(TARGET_NAME)";
				SDKROOT = iphoneos;
				SKIP_INSTALL = YES;
				SUPPORTED_PLATFORMS = "iphoneos iphonesimulator";
				SWIFT_APPROACHABLE_CONCURRENCY = YES;
				SWIFT_DEFAULT_ACTOR_ISOLATION = nonisolated;
				SWIFT_EMIT_LOC_STRINGS = YES;
				SWIFT_UPCOMING_FEATURE_MEMBER_IMPORT_VISIBILITY = YES;
				SWIFT_VERSION = 6.0;
				TARGETED_DEVICE_FAMILY = "1,2";
			};
			name = Debug;
		};
		DD0000000000000000000007 /* Release configuration for PBXNativeTarget "MealPlanWidgets" */ = {
			isa = XCBuildConfiguration;
			buildSettings = {
				CODE_SIGN_ENTITLEMENTS = MealPlanWidgets/MealPlanWidgets.entitlements;
				CODE_SIGN_STYLE = Automatic;
				CURRENT_PROJECT_VERSION = 1;
				DEVELOPMENT_TEAM = 46D3VYP253;
				GENERATE_INFOPLIST_FILE = YES;
				INFOPLIST_FILE = MealPlanWidgets/Info.plist;
				INFOPLIST_KEY_CFBundleDisplayName = MealPlan;
				IPHONEOS_DEPLOYMENT_TARGET = 27.0;
				LD_RUNPATH_SEARCH_PATHS = (
					"@executable_path/Frameworks",
					"@executable_path/../../Frameworks",
				);
				MARKETING_VERSION = 1.0;
				PRODUCT_BUNDLE_IDENTIFIER = de.holgerkrupp.mealplan.Widgets;
				PRODUCT_NAME = "$(TARGET_NAME)";
				SDKROOT = iphoneos;
				SKIP_INSTALL = YES;
				SUPPORTED_PLATFORMS = "iphoneos iphonesimulator";
				SWIFT_APPROACHABLE_CONCURRENCY = YES;
				SWIFT_DEFAULT_ACTOR_ISOLATION = nonisolated;
				SWIFT_EMIT_LOC_STRINGS = YES;
				SWIFT_UPCOMING_FEATURE_MEMBER_IMPORT_VISIBILITY = YES;
				SWIFT_VERSION = 6.0;
				TARGETED_DEVICE_FAMILY = "1,2";
			};
			name = Release;
		};
		EE0000000000000000000006 /* Debug configuration for PBXNativeTarget "MealPlanShareExtension" */ = {
			isa = XCBuildConfiguration;
			buildSettings = {
				CODE_SIGN_ENTITLEMENTS = MealPlanShareExtension/MealPlanShareExtension.entitlements;
				CODE_SIGN_STYLE = Automatic;
				CURRENT_PROJECT_VERSION = 1;
				DEVELOPMENT_TEAM = 46D3VYP253;
				GENERATE_INFOPLIST_FILE = YES;
				INFOPLIST_FILE = MealPlanShareExtension/Info.plist;
				INFOPLIST_KEY_CFBundleDisplayName = MealPlan;
				INFOPLIST_KEY_NSHumanReadableCopyright = "";
				IPHONEOS_DEPLOYMENT_TARGET = 27.0;
				LD_RUNPATH_SEARCH_PATHS = (
					"@executable_path/Frameworks",
					"@executable_path/../../Frameworks",
				);
				MARKETING_VERSION = 1.0;
				PRODUCT_BUNDLE_IDENTIFIER = de.holgerkrupp.mealplan.ShareExtension;
				PRODUCT_NAME = "$(TARGET_NAME)";
				SDKROOT = iphoneos;
				SKIP_INSTALL = YES;
				SUPPORTED_PLATFORMS = "iphoneos iphonesimulator";
				SWIFT_APPROACHABLE_CONCURRENCY = YES;
				SWIFT_DEFAULT_ACTOR_ISOLATION = nonisolated;
				SWIFT_EMIT_LOC_STRINGS = YES;
				SWIFT_UPCOMING_FEATURE_MEMBER_IMPORT_VISIBILITY = YES;
				SWIFT_VERSION = 6.0;
				TARGETED_DEVICE_FAMILY = "1,2";
			};
			name = Debug;
		};
		EE0000000000000000000007 /* Release configuration for PBXNativeTarget "MealPlanShareExtension" */ = {
			isa = XCBuildConfiguration;
			buildSettings = {
				CODE_SIGN_ENTITLEMENTS = MealPlanShareExtension/MealPlanShareExtension.entitlements;
				CODE_SIGN_STYLE = Automatic;
				CURRENT_PROJECT_VERSION = 1;
				DEVELOPMENT_TEAM = 46D3VYP253;
				GENERATE_INFOPLIST_FILE = YES;
				INFOPLIST_FILE = MealPlanShareExtension/Info.plist;
				INFOPLIST_KEY_CFBundleDisplayName = MealPlan;
				IPHONEOS_DEPLOYMENT_TARGET = 27.0;
				LD_RUNPATH_SEARCH_PATHS = (
					"@executable_path/Frameworks",
					"@executable_path/../../Frameworks",
				);
				MARKETING_VERSION = 1.0;
				PRODUCT_BUNDLE_IDENTIFIER = de.holgerkrupp.mealplan.ShareExtension;
				PRODUCT_NAME = "$(TARGET_NAME)";
				SDKROOT = iphoneos;
				SKIP_INSTALL = YES;
				SUPPORTED_PLATFORMS = "iphoneos iphonesimulator";
				SWIFT_APPROACHABLE_CONCURRENCY = YES;
				SWIFT_DEFAULT_ACTOR_ISOLATION = nonisolated;
				SWIFT_EMIT_LOC_STRINGS = YES;
				SWIFT_UPCOMING_FEATURE_MEMBER_IMPORT_VISIBILITY = YES;
				SWIFT_VERSION = 6.0;
				TARGETED_DEVICE_FAMILY = "1,2";
			};
			name = Release;
		};
		FF0000000000000000000006 /* Debug configuration for PBXNativeTarget "MealPlanTests" */ = {
			isa = XCBuildConfiguration;
			buildSettings = {
				BUNDLE_LOADER = "$(TEST_HOST)";
				CODE_SIGN_STYLE = Automatic;
				CURRENT_PROJECT_VERSION = 1;
				DEVELOPMENT_TEAM = 46D3VYP253;
				GENERATE_INFOPLIST_FILE = YES;
				IPHONEOS_DEPLOYMENT_TARGET = 27.0;
				MACOSX_DEPLOYMENT_TARGET = 27.0;
				MARKETING_VERSION = 1.0;
				PRODUCT_BUNDLE_IDENTIFIER = de.holgerkrupp.mealplan.tests;
				PRODUCT_NAME = "$(TARGET_NAME)";
				SDKROOT = auto;
				SUPPORTED_PLATFORMS = "iphoneos iphonesimulator macosx";
				SWIFT_APPROACHABLE_CONCURRENCY = YES;
				SWIFT_DEFAULT_ACTOR_ISOLATION = nonisolated;
				SWIFT_EMIT_LOC_STRINGS = NO;
				SWIFT_UPCOMING_FEATURE_MEMBER_IMPORT_VISIBILITY = YES;
				SWIFT_VERSION = 6.0;
				TARGETED_DEVICE_FAMILY = "1,2";
				TEST_HOST = "$(BUILT_PRODUCTS_DIR)/MealPlan.app/$(BUNDLE_EXECUTABLE_FOLDER_PATH)/MealPlan";
			};
			name = Debug;
		};
		FF0000000000000000000007 /* Release configuration for PBXNativeTarget "MealPlanTests" */ = {
			isa = XCBuildConfiguration;
			buildSettings = {
				BUNDLE_LOADER = "$(TEST_HOST)";
				CODE_SIGN_STYLE = Automatic;
				CURRENT_PROJECT_VERSION = 1;
				DEVELOPMENT_TEAM = 46D3VYP253;
				GENERATE_INFOPLIST_FILE = YES;
				IPHONEOS_DEPLOYMENT_TARGET = 27.0;
				MACOSX_DEPLOYMENT_TARGET = 27.0;
				MARKETING_VERSION = 1.0;
				PRODUCT_BUNDLE_IDENTIFIER = de.holgerkrupp.mealplan.tests;
				PRODUCT_NAME = "$(TARGET_NAME)";
				SDKROOT = auto;
				SUPPORTED_PLATFORMS = "iphoneos iphonesimulator macosx";
				SWIFT_APPROACHABLE_CONCURRENCY = YES;
				SWIFT_DEFAULT_ACTOR_ISOLATION = nonisolated;
				SWIFT_EMIT_LOC_STRINGS = NO;
				SWIFT_UPCOMING_FEATURE_MEMBER_IMPORT_VISIBILITY = YES;
				SWIFT_VERSION = 6.0;
				TARGETED_DEVICE_FAMILY = "1,2";
				TEST_HOST = "$(BUILT_PRODUCTS_DIR)/MealPlan.app/$(BUNDLE_EXECUTABLE_FOLDER_PATH)/MealPlan";
			};
			name = Release;
		};
/* End XCBuildConfiguration section */

/* Begin XCConfigurationList section */
		000000000000000010000000 /* Build configuration list for PBXProject "MealPlan" */ = {
			isa = XCConfigurationList;
			buildConfigurations = (
				000000000000000011000000 /* Debug configuration for PBXProject "MealPlan" */,
				000000000000000012000000 /* Release configuration for PBXProject "MealPlan" */,
			);
			defaultConfigurationName = Release;
		};
		000000000000000110000000 /* Build configuration list for PBXNativeTarget "MealPlan" */ = {
			isa = XCConfigurationList;
			buildConfigurations = (
				000000000000000111000000 /* Debug configuration for PBXNativeTarget "MealPlan" */,
				000000000000000112000000 /* Release configuration for PBXNativeTarget "MealPlan" */,
			);
			defaultConfigurationName = Release;
		};
		DD0000000000000000000005 /* Build configuration list for PBXNativeTarget "MealPlanWidgets" */ = {
			isa = XCConfigurationList;
			buildConfigurations = (
				DD0000000000000000000006 /* Debug configuration for PBXNativeTarget "MealPlanWidgets" */,
				DD0000000000000000000007 /* Release configuration for PBXNativeTarget "MealPlanWidgets" */,
			);
			defaultConfigurationName = Release;
		};
		EE0000000000000000000005 /* Build configuration list for PBXNativeTarget "MealPlanShareExtension" */ = {
			isa = XCConfigurationList;
			buildConfigurations = (
				EE0000000000000000000006 /* Debug configuration for PBXNativeTarget "MealPlanShareExtension" */,
				EE0000000000000000000007 /* Release configuration for PBXNativeTarget "MealPlanShareExtension" */,
			);
			defaultConfigurationName = Release;
		};
		FF0000000000000000000005 /* Build configuration list for PBXNativeTarget "MealPlanTests" */ = {
			isa = XCConfigurationList;
			buildConfigurations = (
				FF0000000000000000000006 /* Debug configuration for PBXNativeTarget "MealPlanTests" */,
				FF0000000000000000000007 /* Release configuration for PBXNativeTarget "MealPlanTests" */,
			);
			defaultConfigurationName = Release;
		};
/* End XCConfigurationList section */

/* Begin XCLocalSwiftPackageReference section */
		000000000000000200000000 /* XCLocalSwiftPackageReference "../SFSymbolSelector" */ = {
			isa = XCLocalSwiftPackageReference;
			relativePath = ../SFSymbolSelector;
		};
/* End XCLocalSwiftPackageReference section */

/* Begin XCRemoteSwiftPackageReference section */
		489FB59D3044985000B8D666 /* XCRemoteSwiftPackageReference "ESADesignKit" */ = {
			isa = XCRemoteSwiftPackageReference;
			repositoryURL = "https://github.com/holgerkrupp/ESADesignKit";
			requirement = {
				branch = main;
				kind = branch;
			};
		};
/* End XCRemoteSwiftPackageReference section */

/* Begin XCSwiftPackageProductDependency section */
		000000000000000200000001 /* SFSymbolSelector */ = {
			isa = XCSwiftPackageProductDependency;
			package = 000000000000000200000000 /* XCLocalSwiftPackageReference "../SFSymbolSelector" */;
			productName = SFSymbolSelector;
		};
		489FB59E3044985000B8D666 /* ESADesignKit */ = {
			isa = XCSwiftPackageProductDependency;
			package = 489FB59D3044985000B8D666 /* XCRemoteSwiftPackageReference "ESADesignKit" */;
			productName = ESADesignKit;
		};
/* End XCSwiftPackageProductDependency section */
	};
	rootObject = 000000000000000000000000 /* Project object */;
}
